
Microsoft Visual Studio Solution File, Format Version 12.00
# Visual Studio Version 17
VisualStudioVersion = 17.8.34322.80
MinimumVisualStudioVersion = 10.0.40219.1
Project("{FAE04EC0-301F-11D3-BF4B-00C04F79EFBC}") = "PersonasAPI", "PersonasAPI.csproj", "{D3D2A56F-AE11-4581-872E-7C5D3C14B3E7}"
EndProject
Global
	GlobalSection(SolutionConfigurationPlatforms) = preSolution
		Debug|Any CPU = Debug|Any CPU
		Release|Any CPU = Release|Any CPU
	EndGlobalSection
	GlobalSection(ProjectConfigurationPlatforms) = postSolution
		{D3D2A56F-AE11-4581-872E-7C5D3C14B3E7}.Debug|Any CPU.ActiveCfg = Debug|Any CPU
		{D3D2A56F-AE11-4581-872E-7C5D3C14B3E7}.Debug|Any CPU.Build.0 = Debug|Any CPU
		{D3D2A56F-AE11-4581-872E-7C5D3C14B3E7}.Release|Any CPU.ActiveCfg = Release|Any CPU
		{D3D2A56F-AE11-4581-872E-7C5D3C14B3E7}.Release|Any CPU.Build.0 = Release|Any CPU
	EndGlobalSection
	GlobalSection(SolutionProperties) = preSolution
		HideSolutionNode = FALSE
	EndGlobalSection
	GlobalSection(ExtensibilityGlobals) = postSolution
		SolutionGuid = {2D650BBC-8D41-4493-913F-E5E89F5A2BD6}
	EndGlobalSection
EndGlobal
